
Microsoft Visual Studio Solution File, Format Version 12.00
# Visual Studio Version 17
VisualStudioVersion = 17.12.35707.178 d17.12
MinimumVisualStudioVersion = 10.0.40219.1
Project("{FAE04EC0-301F-11D3-BF4B-00C04F79EFBC}") = "Peyghoom", "Peyghoom.csproj", "{635C51B3-5E08-415B-BB9D-1366F5DAA2BE}"
EndProject
Global
	GlobalSection(SolutionConfigurationPlatforms) = preSolution
		Debug|Any CPU = Debug|Any CPU
		Release|Any CPU = Release|Any CPU
	EndGlobalSection
	GlobalSection(ProjectConfigurationPlatforms) = postSolution
		{635C51B3-5E08-415B-BB9D-1366F5DAA2BE}.Debug|Any CPU.ActiveCfg = Debug|Any CPU
		{635C51B3-5E08-415B-BB9D-1366F5DAA2BE}.Debug|Any CPU.Build.0 = Debug|Any CPU
		{635C51B3-5E08-415B-BB9D-1366F5DAA2BE}.Release|Any CPU.ActiveCfg = Release|Any CPU
		{635C51B3-5E08-415B-BB9D-1366F5DAA2BE}.Release|Any CPU.Build.0 = Release|Any CPU
	EndGlobalSection
	GlobalSection(SolutionProperties) = preSolution
		HideSolutionNode = FALSE
	EndGlobalSection
EndGlobal
